<?xml version="1.0" encoding="utf-8"?>
<Project ToolsVersion="4.0" xmlns="http://schemas.microsoft.com/developer/msbuild/2003">
  <ItemGroup>
    <Filter Include="Source Files">
      <UniqueIdentifier>{66a25754-82cc-4671-8d1a-cf9d687122f6}</UniqueIdentifier>
    </Filter>
    <Filter Include="Generated Files">
      <UniqueIdentifier>{1af00347-3458-4272-a431-c074dab97ac1}</UniqueIdentifier>
      <SourceControlFiles>False</SourceControlFiles>
    </Filter>
  </ItemGroup>
  <ItemGroup>
    <None Include="myCOMShopps.def" />
  </ItemGroup>
  <ItemGroup>
    <ClCompile Include="myCOMShop_i.c">
      <Filter>Generated Files</Filter>
    </ClCompile>
    <ClCompile Include="myCOMShop_p.c">
      <Filter>Generated Files</Filter>
    </ClCompile>
    <ClCompile Include="dlldata.c">
      <Filter>Generated Files</Filter>
    </ClCompile>
  </ItemGroup>
</Project>